
Microsoft Visual Studio Solution File, Format Version 12.00
# Visual Studio 14
VisualStudioVersion = 14.0.25420.1
MinimumVisualStudioVersion = 10.0.40219.1
Project("{FAE04EC0-301F-11D3-BF4B-00C04F79EFBC}") = "DangIt", "DangIt\DangIt.csproj", "{9B88953E-3F14-4DEA-8078-B3418A17E2F8}"
EndProject
Project("{2150E333-8FDC-42A3-9474-1A3956D46DE8}") = "Solution Items", "Solution Items", "{6B1F6B38-B595-46FF-B065-FABB6052B72E}"
	ProjectSection(SolutionItems) = preProject
		DangIt.version = DangIt.version
	EndProjectSection
EndProject
Global
	GlobalSection(SolutionConfigurationPlatforms) = preSolution
		Debug|Any CPU = Debug|Any CPU
		Release|Any CPU = Release|Any CPU
	EndGlobalSection
	GlobalSection(ProjectConfigurationPlatforms) = postSolution
		{9B88953E-3F14-4DEA-8078-B3418A17E2F8}.Debug|Any CPU.ActiveCfg = Debug|Any CPU
		{9B88953E-3F14-4DEA-8078-B3418A17E2F8}.Debug|Any CPU.Build.0 = Debug|Any CPU
		{9B88953E-3F14-4DEA-8078-B3418A17E2F8}.Release|Any CPU.ActiveCfg = Release|Any CPU
		{9B88953E-3F14-4DEA-8078-B3418A17E2F8}.Release|Any CPU.Build.0 = Release|Any CPU
	EndGlobalSection
	GlobalSection(SolutionProperties) = preSolution
		HideSolutionNode = FALSE
	EndGlobalSection
EndGlobal
